{
  "name": "jw-weather",
  "version": "2.0.1",
  "lockfileVersion": 1,
  "requires": true,
  "dependencies": {
    "jw-gate": {
      "version": "1.0.0",
      "resolved": "https://registry.npmjs.org/jw-gate/-/jw-gate-1.0.0.tgz",
      "integrity": "sha512-NCxxMAJoiPbwSvHgrXvp4FGg3d8bmoy/9IF6sq5YuJmLHr83FjI/MRUlU9kCSqc5K2AnNbivX+Xynz8CIGLLwg=="
    }
  }
}
